// !$*UTF8*$!
{
	archiveVersion = 1;
	classes = {
	};
	objectVersion = 51;
	objects = {

/* Begin PBXBuildFile section */
		753273D7DA688E10237D9C3C /* Pods_flixUITests.framework in Frameworks */ = {isa = PBXBuildFile; fileRef = FF7B7EAD7C61C6B5998ED4DF /* Pods_flixUITests.framework */; };
		840EF28F22C54D760009476D /* DetailsViewController.m in Sources */ = {isa = PBXBuildFile; fileRef = 840EF28E22C54D760009476D /* DetailsViewController.m */; };
		840EF29222C58F410009476D /* MoviesGridViewController.m in Sources */ = {isa = PBXBuildFile; fileRef = 840EF29122C58F410009476D /* MoviesGridViewController.m */; };
		840EF29522C594420009476D /* MoviesCollectionViewCell.m in Sources */ = {isa = PBXBuildFile; fileRef = 840EF29422C594420009476D /* MoviesCollectionViewCell.m */; };
		845B08DC22C9E184000702B5 /* WebKit.framework in Frameworks */ = {isa = PBXBuildFile; fileRef = 845B08DB22C9E184000702B5 /* WebKit.framework */; };
		845B08DF22C9E20F000702B5 /* TrailerViewController.m in Sources */ = {isa = PBXBuildFile; fileRef = 845B08DE22C9E20F000702B5 /* TrailerViewController.m */; };
		84ED7EBA22C3EB54006EFABB /* AppDelegate.m in Sources */ = {isa = PBXBuildFile; fileRef = 84ED7EB922C3EB54006EFABB /* AppDelegate.m */; };
		84ED7EC022C3EB54006EFABB /* Main.storyboard in Resources */ = {isa = PBXBuildFile; fileRef = 84ED7EBE22C3EB54006EFABB /* Main.storyboard */; };
		84ED7EC222C3EB54006EFABB /* Assets.xcassets in Resources */ = {isa = PBXBuildFile; fileRef = 84ED7EC122C3EB54006EFABB /* Assets.xcassets */; };
		84ED7EC522C3EB54006EFABB /* LaunchScreen.storyboard in Resources */ = {isa = PBXBuildFile; fileRef = 84ED7EC322C3EB54006EFABB /* LaunchScreen.storyboard */; };
		84ED7EC822C3EB54006EFABB /* main.m in Sources */ = {isa = PBXBuildFile; fileRef = 84ED7EC722C3EB54006EFABB /* main.m */; };
		84ED7ED222C3EB54006EFABB /* flixTests.m in Sources */ = {isa = PBXBuildFile; fileRef = 84ED7ED122C3EB54006EFABB /* flixTests.m */; };
		84ED7EDD22C3EB54006EFABB /* flixUITests.m in Sources */ = {isa = PBXBuildFile; fileRef = 84ED7EDC22C3EB54006EFABB /* flixUITests.m */; };
		84ED7EEC22C3FFCA006EFABB /* MoviesViewController.m in Sources */ = {isa = PBXBuildFile; fileRef = 84ED7EEB22C3FFCA006EFABB /* MoviesViewController.m */; };
		84ED7EF222C42A91006EFABB /* MovieCell.m in Sources */ = {isa = PBXBuildFile; fileRef = 84ED7EF122C42A91006EFABB /* MovieCell.m */; };
		B4A8403F8D60ECC5E844F4D8 /* Pods_flix.framework in Frameworks */ = {isa = PBXBuildFile; fileRef = 3D831F3C48210D32B50EE911 /* Pods_flix.framework */; };
		D0FDCD2A0C49F031147B4D64 /* Pods_flixTests.framework in Frameworks */ = {isa = PBXBuildFile; fileRef = DA79246B324779826AD2E745 /* Pods_flixTests.framework */; };
/* End PBXBuildFile section */

/* Begin PBXContainerItemProxy section */
		84ED7ECE22C3EB54006EFABB /* PBXContainerItemProxy */ = {
			isa = PBXContainerItemProxy;
			containerPortal = 84ED7EAD22C3EB54006EFABB /* Project object */;
			proxyType = 1;
			remoteGlobalIDString = 84ED7EB422C3EB54006EFABB;
			remoteInfo = flix;
		};
		84ED7ED922C3EB54006EFABB /* PBXContainerItemProxy */ = {
			isa = PBXContainerItemProxy;
			containerPortal = 84ED7EAD22C3EB54006EFABB /* Project object */;
			proxyType = 1;
			remoteGlobalIDString = 84ED7EB422C3EB54006EFABB;
			remoteInfo = flix;
		};
/* End PBXContainerItemProxy section */

/* Begin PBXFileReference section */
		0666158AA4BA570163D4CDA1 /* Pods-flix.release.xcconfig */ = {isa = PBXFileReference; includeInIndex = 1; lastKnownFileType = text.xcconfig; name = "Pods-flix.release.xcconfig"; path = "Target Support Files/Pods-flix/Pods-flix.release.xcconfig"; sourceTree = "<group>"; };
		35B79FFD7929DE720316B6ED /* Pods-flixUITests.debug.xcconfig */ = {isa = PBXFileReference; includeInIndex = 1; lastKnownFileType = text.xcconfig; name = "Pods-flixUITests.debug.xcconfig"; path = "Target Support Files/Pods-flixUITests/Pods-flixUITests.debug.xcconfig"; sourceTree = "<group>"; };
		3D831F3C48210D32B50EE911 /* Pods_flix.framework */ = {isa = PBXFileReference; explicitFileType = wrapper.framework; includeInIndex = 0; path = Pods_flix.framework; sourceTree = BUILT_PRODUCTS_DIR; };
		840EF28D22C54D760009476D /* DetailsViewController.h */ = {isa = PBXFileReference; lastKnownFileType = sourcecode.c.h; path = DetailsViewController.h; sourceTree = "<group>"; };
		840EF28E22C54D760009476D /* DetailsViewController.m */ = {isa = PBXFileReference; lastKnownFileType = sourcecode.c.objc; path = DetailsViewController.m; sourceTree = "<group>"; };
		840EF29022C58F410009476D /* MoviesGridViewController.h */ = {isa = PBXFileReference; lastKnownFileType = sourcecode.c.h; path = MoviesGridViewController.h; sourceTree = "<group>"; };
		840EF29122C58F410009476D /* MoviesGridViewController.m */ = {isa = PBXFileReference; lastKnownFileType = sourcecode.c.objc; path = MoviesGridViewController.m; sourceTree = "<group>"; };
		840EF29322C594420009476D /* MoviesCollectionViewCell.h */ = {isa = PBXFileReference; lastKnownFileType = sourcecode.c.h; path = MoviesCollectionViewCell.h; sourceTree = "<group>"; };
		840EF29422C594420009476D /* MoviesCollectionViewCell.m */ = {isa = PBXFileReference; lastKnownFileType = sourcecode.c.objc; path = MoviesCollectionViewCell.m; sourceTree = "<group>"; };
		845B08DB22C9E184000702B5 /* WebKit.framework */ = {isa = PBXFileReference; lastKnownFileType = wrapper.framework; name = WebKit.framework; path = System/Library/Frameworks/WebKit.framework; sourceTree = SDKROOT; };
		845B08DD22C9E20F000702B5 /* TrailerViewController.h */ = {isa = PBXFileReference; lastKnownFileType = sourcecode.c.h; path = TrailerViewController.h; sourceTree = "<group>"; };
		845B08DE22C9E20F000702B5 /* TrailerViewController.m */ = {isa = PBXFileReference; lastKnownFileType = sourcecode.c.objc; path = TrailerViewController.m; sourceTree = "<group>"; };
		84ED7EB522C3EB54006EFABB /* flix.app */ = {isa = PBXFileReference; explicitFileType = wrapper.application; includeInIndex = 0; path = flix.app; sourceTree = BUILT_PRODUCTS_DIR; };
		84ED7EB822C3EB54006EFABB /* AppDelegate.h */ = {isa = PBXFileReference; lastKnownFileType = sourcecode.c.h; path = AppDelegate.h; sourceTree = "<group>"; };
		84ED7EB922C3EB54006EFABB /* AppDelegate.m */ = {isa = PBXFileReference; lastKnownFileType = sourcecode.c.objc; path = AppDelegate.m; sourceTree = "<group>"; };
		84ED7EBF22C3EB54006EFABB /* Base */ = {isa = PBXFileReference; lastKnownFileType = file.storyboard; name = Base; path = Base.lproj/Main.storyboard; sourceTree = "<group>"; };
		84ED7EC122C3EB54006EFABB /* Assets.xcassets */ = {isa = PBXFileReference; lastKnownFileType = folder.assetcatalog; path = Assets.xcassets; sourceTree = "<group>"; };
		84ED7EC422C3EB54006EFABB /* Base */ = {isa = PBXFileReference; lastKnownFileType = file.storyboard; name = Base; path = Base.lproj/LaunchScreen.storyboard; sourceTree = "<group>"; };
		84ED7EC622C3EB54006EFABB /* Info.plist */ = {isa = PBXFileReference; lastKnownFileType = text.plist.xml; path = Info.plist; sourceTree = "<group>"; };
		84ED7EC722C3EB54006EFABB /* main.m */ = {isa = PBXFileReference; lastKnownFileType = sourcecode.c.objc; path = main.m; sourceTree = "<group>"; };
		84ED7ECD22C3EB54006EFABB /* flixTests.xctest */ = {isa = PBXFileReference; explicitFileType = wrapper.cfbundle; includeInIndex = 0; path = flixTests.xctest; sourceTree = BUILT_PRODUCTS_DIR; };
		84ED7ED122C3EB54006EFABB /* flixTests.m */ = {isa = PBXFileReference; lastKnownFileType = sourcecode.c.objc; path = flixTests.m; sourceTree = "<group>"; };
		84ED7ED322C3EB54006EFABB /* Info.plist */ = {isa = PBXFileReference; lastKnownFileType = text.plist.xml; path = Info.plist; sourceTree = "<group>"; };
		84ED7ED822C3EB54006EFABB /* flixUITests.xctest */ = {isa = PBXFileReference; explicitFileType = wrapper.cfbundle; includeInIndex = 0; path = flixUITests.xctest; sourceTree = BUILT_PRODUCTS_DIR; };
		84ED7EDC22C3EB54006EFABB /* flixUITests.m */ = {isa = PBXFileReference; lastKnownFileType = sourcecode.c.objc; path = flixUITests.m; sourceTree = "<group>"; };
		84ED7EDE22C3EB54006EFABB /* Info.plist */ = {isa = PBXFileReference; lastKnownFileType = text.plist.xml; path = Info.plist; sourceTree = "<group>"; };
		84ED7EEA22C3FFCA006EFABB /* MoviesViewController.h */ = {isa = PBXFileReference; lastKnownFileType = sourcecode.c.h; path = MoviesViewController.h; sourceTree = "<group>"; };
		84ED7EEB22C3FFCA006EFABB /* MoviesViewController.m */ = {isa = PBXFileReference; lastKnownFileType = sourcecode.c.objc; path = MoviesViewController.m; sourceTree = "<group>"; };
		84ED7EF022C42A91006EFABB /* MovieCell.h */ = {isa = PBXFileReference; lastKnownFileType = sourcecode.c.h; path = MovieCell.h; sourceTree = "<group>"; };
		84ED7EF122C42A91006EFABB /* MovieCell.m */ = {isa = PBXFileReference; lastKnownFileType = sourcecode.c.objc; path = MovieCell.m; sourceTree = "<group>"; };
		8599C25348CB0DEC963CF219 /* Pods-flix.debug.xcconfig */ = {isa = PBXFileReference; includeInIndex = 1; lastKnownFileType = text.xcconfig; name = "Pods-flix.debug.xcconfig"; path = "Target Support Files/Pods-flix/Pods-flix.debug.xcconfig"; sourceTree = "<group>"; };
		9A58643E278FC2B1C57D4635 /* Pods-flixTests.release.xcconfig */ = {isa = PBXFileReference; includeInIndex = 1; lastKnownFileType = text.xcconfig; name = "Pods-flixTests.release.xcconfig"; path = "Target Support Files/Pods-flixTests/Pods-flixTests.release.xcconfig"; sourceTree = "<group>"; };
		A1FD45431FA2402E05B53899 /* Pods-flixTests.debug.xcconfig */ = {isa = PBXFileReference; includeInIndex = 1; lastKnownFileType = text.xcconfig; name = "Pods-flixTests.debug.xcconfig"; path = "Target Support Files/Pods-flixTests/Pods-flixTests.debug.xcconfig"; sourceTree = "<group>"; };
		A2E68DBDFC1CB50AD9264CCB /* Pods-flixUITests.release.xcconfig */ = {isa = PBXFileReference; includeInIndex = 1; lastKnownFileType = text.xcconfig; name = "Pods-flixUITests.release.xcconfig"; path = "Target Support Files/Pods-flixUITests/Pods-flixUITests.release.xcconfig"; sourceTree = "<group>"; };
		DA79246B324779826AD2E745 /* Pods_flixTests.framework */ = {isa = PBXFileReference; explicitFileType = wrapper.framework; includeInIndex = 0; path = Pods_flixTests.framework; sourceTree = BUILT_PRODUCTS_DIR; };
		FF7B7EAD7C61C6B5998ED4DF /* Pods_flixUITests.framework */ = {isa = PBXFileReference; explicitFileType = wrapper.framework; includeInIndex = 0; path = Pods_flixUITests.framework; sourceTree = BUILT_PRODUCTS_DIR; };
/* End PBXFileReference section */

/* Begin PBXFrameworksBuildPhase section */
		84ED7EB222C3EB54006EFABB /* Frameworks */ = {
			isa = PBXFrameworksBuildPhase;
			buildActionMask = 2147483647;
			files = (
				845B08DC22C9E184000702B5 /* WebKit.framework in Frameworks */,
				B4A8403F8D60ECC5E844F4D8 /* Pods_flix.framework in Frameworks */,
			);
			runOnlyForDeploymentPostprocessing = 0;
		};
		84ED7ECA22C3EB54006EFABB /* Frameworks */ = {
			isa = PBXFrameworksBuildPhase;
			buildActionMask = 2147483647;
			files = (
				D0FDCD2A0C49F031147B4D64 /* Pods_flixTests.framework in Frameworks */,
			);
			runOnlyForDeploymentPostprocessing = 0;
		};
		84ED7ED522C3EB54006EFABB /* Frameworks */ = {
			isa = PBXFrameworksBuildPhase;
			buildActionMask = 2147483647;
			files = (
				753273D7DA688E10237D9C3C /* Pods_flixUITests.framework in Frameworks */,
			);
			runOnlyForDeploymentPostprocessing = 0;
		};
/* End PBXFrameworksBuildPhase section */

/* Begin PBXGroup section */
		29F46987F70D892730526A9D /* Frameworks */ = {
			isa = PBXGroup;
			children = (
				845B08DB22C9E184000702B5 /* WebKit.framework */,
				3D831F3C48210D32B50EE911 /* Pods_flix.framework */,
				DA79246B324779826AD2E745 /* Pods_flixTests.framework */,
				FF7B7EAD7C61C6B5998ED4DF /* Pods_flixUITests.framework */,
			);
			name = Frameworks;
			sourceTree = "<group>";
		};
		84ED7EAC22C3EB54006EFABB = {
			isa = PBXGroup;
			children = (
				84ED7EB722C3EB54006EFABB /* flix */,
				84ED7ED022C3EB54006EFABB /* flixTests */,
				84ED7EDB22C3EB54006EFABB /* flixUITests */,
				84ED7EB622C3EB54006EFABB /* Products */,
				C00682DA88DD8FEDED6F7444 /* Pods */,
				29F46987F70D892730526A9D /* Frameworks */,
			);
			sourceTree = "<group>";
		};
		84ED7EB622C3EB54006EFABB /* Products */ = {
			isa = PBXGroup;
			children = (
				84ED7EB522C3EB54006EFABB /* flix.app */,
				84ED7ECD22C3EB54006EFABB /* flixTests.xctest */,
				84ED7ED822C3EB54006EFABB /* flixUITests.xctest */,
			);
			name = Products;
			sourceTree = "<group>";
		};
		84ED7EB722C3EB54006EFABB /* flix */ = {
			isa = PBXGroup;
			children = (
				84ED7EEF22C400D5006EFABB /* View Controllers */,
				84ED7EEE22C400CD006EFABB /* Views */,
				84ED7EED22C400C5006EFABB /* Models */,
				84ED7EB822C3EB54006EFABB /* AppDelegate.h */,
				84ED7EB922C3EB54006EFABB /* AppDelegate.m */,
				84ED7EBE22C3EB54006EFABB /* Main.storyboard */,
				84ED7EC122C3EB54006EFABB /* Assets.xcassets */,
				84ED7EC322C3EB54006EFABB /* LaunchScreen.storyboard */,
				84ED7EC622C3EB54006EFABB /* Info.plist */,
				84ED7EC722C3EB54006EFABB /* main.m */,
			);
			path = flix;
			sourceTree = "<group>";
		};
		84ED7ED022C3EB54006EFABB /* flixTests */ = {
			isa = PBXGroup;
			children = (
				84ED7ED122C3EB54006EFABB /* flixTests.m */,
				84ED7ED322C3EB54006EFABB /* Info.plist */,
			);
			path = flixTests;
			sourceTree = "<group>";
		};
		84ED7EDB22C3EB54006EFABB /* flixUITests */ = {
			isa = PBXGroup;
			children = (
				84ED7EDC22C3EB54006EFABB /* flixUITests.m */,
				84ED7EDE22C3EB54006EFABB /* Info.plist */,
			);
			path = flixUITests;
			sourceTree = "<group>";
		};
		84ED7EED22C400C5006EFABB /* Models */ = {
			isa = PBXGroup;
			children = (
			);
			path = Models;
			sourceTree = "<group>";
		};
		84ED7EEE22C400CD006EFABB /* Views */ = {
			isa = PBXGroup;
			children = (
				84ED7EF022C42A91006EFABB /* MovieCell.h */,
				84ED7EF122C42A91006EFABB /* MovieCell.m */,
				840EF29322C594420009476D /* MoviesCollectionViewCell.h */,
				840EF29422C594420009476D /* MoviesCollectionViewCell.m */,
			);
			path = Views;
			sourceTree = "<group>";
		};
		84ED7EEF22C400D5006EFABB /* View Controllers */ = {
			isa = PBXGroup;
			children = (
				84ED7EEA22C3FFCA006EFABB /* MoviesViewController.h */,
				84ED7EEB22C3FFCA006EFABB /* MoviesViewController.m */,
				840EF28D22C54D760009476D /* DetailsViewController.h */,
				840EF28E22C54D760009476D /* DetailsViewController.m */,
				840EF29022C58F410009476D /* MoviesGridViewController.h */,
				840EF29122C58F410009476D /* MoviesGridViewController.m */,
				845B08DD22C9E20F000702B5 /* TrailerViewController.h */,
				845B08DE22C9E20F000702B5 /* TrailerViewController.m */,
			);
			path = "View Controllers";
			sourceTree = "<group>";
		};
		C00682DA88DD8FEDED6F7444 /* Pods */ = {
			isa = PBXGroup;
			children = (
				8599C25348CB0DEC963CF219 /* Pods-flix.debug.xcconfig */,
				0666158AA4BA570163D4CDA1 /* Pods-flix.release.xcconfig */,
				A1FD45431FA2402E05B53899 /* Pods-flixTests.debug.xcconfig */,
				9A58643E278FC2B1C57D4635 /* Pods-flixTests.release.xcconfig */,
				35B79FFD7929DE720316B6ED /* Pods-flixUITests.debug.xcconfig */,
				A2E68DBDFC1CB50AD9264CCB /* Pods-flixUITests.release.xcconfig */,
			);
			path = Pods;
			sourceTree = "<group>";
		};
/* End PBXGroup section */

/* Begin PBXNativeTarget section */
		84ED7EB422C3EB54006EFABB /* flix */ = {
			isa = PBXNativeTarget;
			buildConfigurationList = 84ED7EE122C3EB54006EFABB /* Build configuration list for PBXNativeTarget "flix" */;
			buildPhases = (
				25D6576F0AC4BF4E2F3C56D9 /* [CP] Check Pods Manifest.lock */,
				84ED7EB122C3EB54006EFABB /* Sources */,
				84ED7EB222C3EB54006EFABB /* Frameworks */,
				84ED7EB322C3EB54006EFABB /* Resources */,
				42997A3BDC1781CFF162DCCC /* [CP] Embed Pods Frameworks */,
			);
			buildRules = (
			);
			dependencies = (
			);
			name = flix;
			productName = flix;
			productReference = 84ED7EB522C3EB54006EFABB /* flix.app */;
			productType = "com.apple.product-type.application";
		};
		84ED7ECC22C3EB54006EFABB /* flixTests */ = {
			isa = PBXNativeTarget;
			buildConfigurationList = 84ED7EE422C3EB54006EFABB /* Build configuration list for PBXNativeTarget "flixTests" */;
			buildPhases = (
				0246791728A54C164D8BF960 /* [CP] Check Pods Manifest.lock */,
				84ED7EC922C3EB54006EFABB /* Sources */,
				84ED7ECA22C3EB54006EFABB /* Frameworks */,
				84ED7ECB22C3EB54006EFABB /* Resources */,
			);
			buildRules = (
			);
			dependencies = (
				84ED7ECF22C3EB54006EFABB /* PBXTargetDependency */,
			);
			name = flixTests;
			productName = flixTests;
			productReference = 84ED7ECD22C3EB54006EFABB /* flixTests.xctest */;
			productType = "com.apple.product-type.bundle.unit-test";
		};
		84ED7ED722C3EB54006EFABB /* flixUITests */ = {
			isa = PBXNativeTarget;
			buildConfigurationList = 84ED7EE722C3EB54006EFABB /* Build configuration list for PBXNativeTarget "flixUITests" */;
			buildPhases = (
				416B0D432237DF7D0C84EC1B /* [CP] Check Pods Manifest.lock */,
				84ED7ED422C3EB54006EFABB /* Sources */,
				84ED7ED522C3EB54006EFABB /* Frameworks */,
				84ED7ED622C3EB54006EFABB /* Resources */,
			);
			buildRules = (
			);
			dependencies = (
				84ED7EDA22C3EB54006EFABB /* PBXTargetDependency */,
			);
			name = flixUITests;
			productName = flixUITests;
			productReference = 84ED7ED822C3EB54006EFABB /* flixUITests.xctest */;
			productType = "com.apple.product-type.bundle.ui-testing";
		};
/* End PBXNativeTarget section */

/* Begin PBXProject section */
		84ED7EAD22C3EB54006EFABB /* Project object */ = {
			isa = PBXProject;
			attributes = {
				LastUpgradeCheck = 1020;
				ORGANIZATIONNAME = kfullen;
				TargetAttributes = {
					84ED7EB422C3EB54006EFABB = {
						CreatedOnToolsVersion = 10.2.1;
					};
					84ED7ECC22C3EB54006EFABB = {
						CreatedOnToolsVersion = 10.2.1;
						TestTargetID = 84ED7EB422C3EB54006EFABB;
					};
					84ED7ED722C3EB54006EFABB = {
						CreatedOnToolsVersion = 10.2.1;
						TestTargetID = 84ED7EB422C3EB54006EFABB;
					};
				};
			};
			buildConfigurationList = 84ED7EB022C3EB54006EFABB /* Build configuration list for PBXProject "flix" */;
			compatibilityVersion = "Xcode 9.3";
			developmentRegion = en;
			hasScannedForEncodings = 0;
			knownRegions = (
				en,
				Base,
			);
			mainGroup = 84ED7EAC22C3EB54006EFABB;
			productRefGroup = 84ED7EB622C3EB54006EFABB /* Products */;
			projectDirPath = "";
			projectRoot = "";
			targets = (
				84ED7EB422C3EB54006EFABB /* flix */,
				84ED7ECC22C3EB54006EFABB /* flixTests */,
				84ED7ED722C3EB54006EFABB /* flixUITests */,
			);
		};
/* End PBXProject section */

/* Begin PBXResourcesBuildPhase section */
		84ED7EB322C3EB54006EFABB /* Resources */ = {
			isa = PBXResourcesBuildPhase;
			buildActionMask = 2147483647;
			files = (
				84ED7EC522C3EB54006EFABB /* LaunchScreen.storyboard in Resources */,
				84ED7EC222C3EB54006EFABB /* Assets.xcassets in Resources */,
				84ED7EC022C3EB54006EFABB /* Main.storyboard in Resources */,
			);
			runOnlyForDeploymentPostprocessing = 0;
		};
		84ED7ECB22C3EB54006EFABB /* Resources */ = {
			isa = PBXResourcesBuildPhase;
			buildActionMask = 2147483647;
			files = (
			);
			runOnlyForDeploymentPostprocessing = 0;
		};
		84ED7ED622C3EB54006EFABB /* Resources */ = {
			isa = PBXResourcesBuildPhase;
			buildActionMask = 2147483647;
			files = (
			);
			runOnlyForDeploymentPostprocessing = 0;
		};
/* End PBXResourcesBuildPhase section */

/* Begin PBXShellScriptBuildPhase section */
		0246791728A54C164D8BF960 /* [CP] Check Pods Manifest.lock */ = {
			isa = PBXShellScriptBuildPhase;
			buildActionMask = 2147483647;
			files = (
			);
			inputFileListPaths = (
			);
			inputPaths = (
				"${PODS_PODFILE_DIR_PATH}/Podfile.lock",
				"${PODS_ROOT}/Manifest.lock",
			);
			name = "[CP] Check Pods Manifest.lock";
			outputFileListPaths = (
			);
			outputPaths = (
				"$(DERIVED_FILE_DIR)/Pods-flixTests-checkManifestLockResult.txt",
			);
			runOnlyForDeploymentPostprocessing = 0;
			shellPath = /bin/sh;
			shellScript = "diff \"${PODS_PODFILE_DIR_PATH}/Podfile.lock\" \"${PODS_ROOT}/Manifest.lock\" > /dev/null\nif [ $? != 0 ] ; then\n    # print error to STDERR\n    echo \"error: The sandbox is not in sync with the Podfile.lock. Run 'pod install' or update your CocoaPods installation.\" >&2\n    exit 1\nfi\n# This output is used by Xcode 'outputs' to avoid re-running this script phase.\necho \"SUCCESS\" > \"${SCRIPT_OUTPUT_FILE_0}\"\n";
			showEnvVarsInLog = 0;
		};
		25D6576F0AC4BF4E2F3C56D9 /* [CP] Check Pods Manifest.lock */ = {
			isa = PBXShellScriptBuildPhase;
			buildActionMask = 2147483647;
			files = (
			);
			inputFileListPaths = (
			);
			inputPaths = (
				"${PODS_PODFILE_DIR_PATH}/Podfile.lock",
				"${PODS_ROOT}/Manifest.lock",
			);
			name = "[CP] Check Pods Manifest.lock";
			outputFileListPaths = (
			);
			outputPaths = (
				"$(DERIVED_FILE_DIR)/Pods-flix-checkManifestLockResult.txt",
			);
			runOnlyForDeploymentPostprocessing = 0;
			shellPath = /bin/sh;
			shellScript = "diff \"${PODS_PODFILE_DIR_PATH}/Podfile.lock\" \"${PODS_ROOT}/Manifest.lock\" > /dev/null\nif [ $? != 0 ] ; then\n    # print error to STDERR\n    echo \"error: The sandbox is not in sync with the Podfile.lock. Run 'pod install' or update your CocoaPods installation.\" >&2\n    exit 1\nfi\n# This output is used by Xcode 'outputs' to avoid re-running this script phase.\necho \"SUCCESS\" > \"${SCRIPT_OUTPUT_FILE_0}\"\n";
			showEnvVarsInLog = 0;
		};
		416B0D432237DF7D0C84EC1B /* [CP] Check Pods Manifest.lock */ = {
			isa = PBXShellScriptBuildPhase;
			buildActionMask = 2147483647;
			files = (
			);
			inputFileListPaths = (
			);
			inputPaths = (
				"${PODS_PODFILE_DIR_PATH}/Podfile.lock",
				"${PODS_ROOT}/Manifest.lock",
			);
			name = "[CP] Check Pods Manifest.lock";
			outputFileListPaths = (
			);
			outputPaths = (
				"$(DERIVED_FILE_DIR)/Pods-flixUITests-checkManifestLockResult.txt",
			);
			runOnlyForDeploymentPostprocessing = 0;
			shellPath = /bin/sh;
			shellScript = "diff \"${PODS_PODFILE_DIR_PATH}/Podfile.lock\" \"${PODS_ROOT}/Manifest.lock\" > /dev/null\nif [ $? != 0 ] ; then\n    # print error to STDERR\n    echo \"error: The sandbox is not in sync with the Podfile.lock. Run 'pod install' or update your CocoaPods installation.\" >&2\n    exit 1\nfi\n# This output is used by Xcode 'outputs' to avoid re-running this script phase.\necho \"SUCCESS\" > \"${SCRIPT_OUTPUT_FILE_0}\"\n";
			showEnvVarsInLog = 0;
		};
		42997A3BDC1781CFF162DCCC /* [CP] Embed Pods Frameworks */ = {
			isa = PBXShellScriptBuildPhase;
			buildActionMask = 2147483647;
			files = (
			);
			inputFileListPaths = (
				"${PODS_ROOT}/Target Support Files/Pods-flix/Pods-flix-frameworks-${CONFIGURATION}-input-files.xcfilelist",
			);
			name = "[CP] Embed Pods Frameworks";
			outputFileListPaths = (
				"${PODS_ROOT}/Target Support Files/Pods-flix/Pods-flix-frameworks-${CONFIGURATION}-output-files.xcfilelist",
			);
			runOnlyForDeploymentPostprocessing = 0;
			shellPath = /bin/sh;
			shellScript = "\"${PODS_ROOT}/Target Support Files/Pods-flix/Pods-flix-frameworks.sh\"\n";
			showEnvVarsInLog = 0;
		};
/* End PBXShellScriptBuildPhase section */

/* Begin PBXSourcesBuildPhase section */
		84ED7EB122C3EB54006EFABB /* Sources */ = {
			isa = PBXSourcesBuildPhase;
			buildActionMask = 2147483647;
			files = (
				84ED7EC822C3EB54006EFABB /* main.m in Sources */,
				840EF29522C594420009476D /* MoviesCollectionViewCell.m in Sources */,
				840EF28F22C54D760009476D /* DetailsViewController.m in Sources */,
				84ED7EBA22C3EB54006EFABB /* AppDelegate.m in Sources */,
				845B08DF22C9E20F000702B5 /* TrailerViewController.m in Sources */,
				84ED7EF222C42A91006EFABB /* MovieCell.m in Sources */,
				84ED7EEC22C3FFCA006EFABB /* MoviesViewController.m in Sources */,
				840EF29222C58F410009476D /* MoviesGridViewController.m in Sources */,
			);
			runOnlyForDeploymentPostprocessing = 0;
		};
		84ED7EC922C3EB54006EFABB /* Sources */ = {
			isa = PBXSourcesBuildPhase;
			buildActionMask = 2147483647;
			files = (
				84ED7ED222C3EB54006EFABB /* flixTests.m in Sources */,
			);
			runOnlyForDeploymentPostprocessing = 0;
		};
		84ED7ED422C3EB54006EFABB /* Sources */ = {
			isa = PBXSourcesBuildPhase;
			buildActionMask = 2147483647;
			files = (
				84ED7EDD22C3EB54006EFABB /* flixUITests.m in Sources */,
			);
			runOnlyForDeploymentPostprocessing = 0;
		};
/* End PBXSourcesBuildPhase section */

/* Begin PBXTargetDependency section */
		84ED7ECF22C3EB54006EFABB /* PBXTargetDependency */ = {
			isa = PBXTargetDependency;
			target = 84ED7EB422C3EB54006EFABB /* flix */;
			targetProxy = 84ED7ECE22C3EB54006EFABB /* PBXContainerItemProxy */;
		};
		84ED7EDA22C3EB54006EFABB /* PBXTargetDependency */ = {
			isa = PBXTargetDependency;
			target = 84ED7EB422C3EB54006EFABB /* flix */;
			targetProxy = 84ED7ED922C3EB54006EFABB /* PBXContainerItemProxy */;
		};
/* End PBXTargetDependency section */

/* Begin PBXVariantGroup section */
		84ED7EBE22C3EB54006EFABB /* Main.storyboard */ = {
			isa = PBXVariantGroup;
			children = (
				84ED7EBF22C3EB54006EFABB /* Base */,
			);
			name = Main.storyboard;
			sourceTree = "<group>";
		};
		84ED7EC322C3EB54006EFABB /* LaunchScreen.storyboard */ = {
			isa = PBXVariantGroup;
			children = (
				84ED7EC422C3EB54006EFABB /* Base */,
			);
			name = LaunchScreen.storyboard;
			sourceTree = "<group>";
		};
/* End PBXVariantGroup section */

/* Begin XCBuildConfiguration section */
		84ED7EDF22C3EB54006EFABB /* Debug */ = {
			isa = XCBuildConfiguration;
			buildSettings = {
				ALWAYS_SEARCH_USER_PATHS = NO;
				CLANG_ANALYZER_NONNULL = YES;
				CLANG_ANALYZER_NUMBER_OBJECT_CONVERSION = YES_AGGRESSIVE;
				CLANG_CXX_LANGUAGE_STANDARD = "gnu++14";
				CLANG_CXX_LIBRARY = "libc++";
				CLANG_ENABLE_MODULES = YES;
				CLANG_ENABLE_OBJC_ARC = YES;
				CLANG_ENABLE_OBJC_WEAK = YES;
				CLANG_WARN_BLOCK_CAPTURE_AUTORELEASING = YES;
				CLANG_WARN_BOOL_CONVERSION = YES;
				CLANG_WARN_COMMA = YES;
				CLANG_WARN_CONSTANT_CONVERSION = YES;
				CLANG_WARN_DEPRECATED_OBJC_IMPLEMENTATIONS = YES;
				CLANG_WARN_DIRECT_OBJC_ISA_USAGE = YES_ERROR;
				CLANG_WARN_DOCUMENTATION_COMMENTS = YES;
				CLANG_WARN_EMPTY_BODY = YES;
				CLANG_WARN_ENUM_CONVERSION = YES;
				CLANG_WARN_INFINITE_RECURSION = YES;
				CLANG_WARN_INT_CONVERSION = YES;
				CLANG_WARN_NON_LITERAL_NULL_CONVERSION = YES;
				CLANG_WARN_OBJC_IMPLICIT_RETAIN_SELF = YES;
				CLANG_WARN_OBJC_LITERAL_CONVERSION = YES;
				CLANG_WARN_OBJC_ROOT_CLASS = YES_ERROR;
				CLANG_WARN_RANGE_LOOP_ANALYSIS = YES;
				CLANG_WARN_STRICT_PROTOTYPES = YES;
				CLANG_WARN_SUSPICIOUS_MOVE = YES;
				CLANG_WARN_UNGUARDED_AVAILABILITY = YES_AGGRESSIVE;
				CLANG_WARN_UNREACHABLE_CODE = YES;
				CLANG_WARN__DUPLICATE_METHOD_MATCH = YES;
				CODE_SIGN_IDENTITY = "iPhone Developer";
				COPY_PHASE_STRIP = NO;
				DEBUG_INFORMATION_FORMAT = dwarf;
				ENABLE_STRICT_OBJC_MSGSEND = YES;
				ENABLE_TESTABILITY = YES;
				GCC_C_LANGUAGE_STANDARD = gnu11;
				GCC_DYNAMIC_NO_PIC = NO;
				GCC_NO_COMMON_BLOCKS = YES;
				GCC_OPTIMIZATION_LEVEL = 0;
				GCC_PREPROCESSOR_DEFINITIONS = (
					"DEBUG=1",
					"$(inherited)",
				);
				GCC_WARN_64_TO_32_BIT_CONVERSION = YES;
				GCC_WARN_ABOUT_RETURN_TYPE = YES_ERROR;
				GCC_WARN_UNDECLARED_SELECTOR = YES;
				GCC_WARN_UNINITIALIZED_AUTOS = YES_AGGRESSIVE;
				GCC_WARN_UNUSED_FUNCTION = YES;
				GCC_WARN_UNUSED_VARIABLE = YES;
				IPHONEOS_DEPLOYMENT_TARGET = 12.2;
				MTL_ENABLE_DEBUG_INFO = INCLUDE_SOURCE;
				MTL_FAST_MATH = YES;
				ONLY_ACTIVE_ARCH = YES;
				SDKROOT = iphoneos;
			};
			name = Debug;
		};
		84ED7EE022C3EB54006EFABB /* Release */ = {
			isa = XCBuildConfiguration;
			buildSettings = {
				ALWAYS_SEARCH_USER_PATHS = NO;
				CLANG_ANALYZER_NONNULL = YES;
				CLANG_ANALYZER_NUMBER_OBJECT_CONVERSION = YES_AGGRESSIVE;
				CLANG_CXX_LANGUAGE_STANDARD = "gnu++14";
				CLANG_CXX_LIBRARY = "libc++";
				CLANG_ENABLE_MODULES = YES;
				CLANG_ENABLE_OBJC_ARC = YES;
				CLANG_ENABLE_OBJC_WEAK = YES;
				CLANG_WARN_BLOCK_CAPTURE_AUTORELEASING = YES;
				CLANG_WARN_BOOL_CONVERSION = YES;
				CLANG_WARN_COMMA = YES;
				CLANG_WARN_CONSTANT_CONVERSION = YES;
				CLANG_WARN_DEPRECATED_OBJC_IMPLEMENTATIONS = YES;
				CLANG_WARN_DIRECT_OBJC_ISA_USAGE = YES_ERROR;
				CLANG_WARN_DOCUMENTATION_COMMENTS = YES;
				CLANG_WARN_EMPTY_BODY = YES;
				CLANG_WARN_ENUM_CONVERSION = YES;
				CLANG_WARN_INFINITE_RECURSION = YES;
				CLANG_WARN_INT_CONVERSION = YES;
				CLANG_WARN_NON_LITERAL_NULL_CONVERSION = YES;
				CLANG_WARN_OBJC_IMPLICIT_RETAIN_SELF = YES;
				CLANG_WARN_OBJC_LITERAL_CONVERSION = YES;
				CLANG_WARN_OBJC_ROOT_CLASS = YES_ERROR;
				CLANG_WARN_RANGE_LOOP_ANALYSIS = YES;
				CLANG_WARN_STRICT_PROTOTYPES = YES;
				CLANG_WARN_SUSPICIOUS_MOVE = YES;
				CLANG_WARN_UNGUARDED_AVAILABILITY = YES_AGGRESSIVE;
				CLANG_WARN_UNREACHABLE_CODE = YES;
				CLANG_WARN__DUPLICATE_METHOD_MATCH = YES;
				CODE_SIGN_IDENTITY = "iPhone Developer";
				COPY_PHASE_STRIP = NO;
				DEBUG_INFORMATION_FORMAT = "dwarf-with-dsym";
				ENABLE_NS_ASSERTIONS = NO;
				ENABLE_STRICT_OBJC_MSGSEND = YES;
				GCC_C_LANGUAGE_STANDARD = gnu11;
				GCC_NO_COMMON_BLOCKS = YES;
				GCC_WARN_64_TO_32_BIT_CONVERSION = YES;
				GCC_WARN_ABOUT_RETURN_TYPE = YES_ERROR;
				GCC_WARN_UNDECLARED_SELECTOR = YES;
				GCC_WARN_UNINITIALIZED_AUTOS = YES_AGGRESSIVE;
				GCC_WARN_UNUSED_FUNCTION = YES;
				GCC_WARN_UNUSED_VARIABLE = YES;
				IPHONEOS_DEPLOYMENT_TARGET = 12.2;
				MTL_ENABLE_DEBUG_INFO = NO;
				MTL_FAST_MATH = YES;
				SDKROOT = iphoneos;
				VALIDATE_PRODUCT = YES;
			};
			name = Release;
		};
		84ED7EE222C3EB54006EFABB /* Debug */ = {
			isa = XCBuildConfiguration;
			baseConfigurationReference = 8599C25348CB0DEC963CF219 /* Pods-flix.debug.xcconfig */;
			buildSettings = {
				ASSETCATALOG_COMPILER_APPICON_NAME = AppIcon;
				CODE_SIGN_STYLE = Automatic;
				DEVELOPMENT_TEAM = J4DN384M7G;
				INFOPLIST_FILE = flix/Info.plist;
				LD_RUNPATH_SEARCH_PATHS = (
					"$(inherited)",
					"@executable_path/Frameworks",
				);
				PRODUCT_BUNDLE_IDENTIFIER = com.kfullen.flix;
				PRODUCT_NAME = "$(TARGET_NAME)";
				TARGETED_DEVICE_FAMILY = "1,2";
			};
			name = Debug;
		};
		84ED7EE322C3EB54006EFABB /* Release */ = {
			isa = XCBuildConfiguration;
			baseConfigurationReference = 0666158AA4BA570163D4CDA1 /* Pods-flix.release.xcconfig */;
			buildSettings = {
				ASSETCATALOG_COMPILER_APPICON_NAME = AppIcon;
				CODE_SIGN_STYLE = Automatic;
				DEVELOPMENT_TEAM = J4DN384M7G;
				INFOPLIST_FILE = flix/Info.plist;
				LD_RUNPATH_SEARCH_PATHS = (
					"$(inherited)",
					"@executable_path/Frameworks",
				);
				PRODUCT_BUNDLE_IDENTIFIER = com.kfullen.flix;
				PRODUCT_NAME = "$(TARGET_NAME)";
				TARGETED_DEVICE_FAMILY = "1,2";
			};
			name = Release;
		};
		84ED7EE522C3EB54006EFABB /* Debug */ = {
			isa = XCBuildConfiguration;
			baseConfigurationReference = A1FD45431FA2402E05B53899 /* Pods-flixTests.debug.xcconfig */;
			buildSettings = {
				BUNDLE_LOADER = "$(TEST_HOST)";
				CODE_SIGN_STYLE = Automatic;
				DEVELOPMENT_TEAM = J4DN384M7G;
				INFOPLIST_FILE = flixTests/Info.plist;
				LD_RUNPATH_SEARCH_PATHS = (
					"$(inherited)",
					"@executable_path/Frameworks",
					"@loader_path/Frameworks",
				);
				PRODUCT_BUNDLE_IDENTIFIER = com.kfullen.flixTests;
				PRODUCT_NAME = "$(TARGET_NAME)";
				TARGETED_DEVICE_FAMILY = "1,2";
				TEST_HOST = "$(BUILT_PRODUCTS_DIR)/flix.app/flix";
			};
			name = Debug;
		};
		84ED7EE622C3EB54006EFABB /* Release */ = {
			isa = XCBuildConfiguration;
			baseConfigurationReference = 9A58643E278FC2B1C57D4635 /* Pods-flixTests.release.xcconfig */;
			buildSettings = {
				BUNDLE_LOADER = "$(TEST_HOST)";
				CODE_SIGN_STYLE = Automatic;
				DEVELOPMENT_TEAM = J4DN384M7G;
				INFOPLIST_FILE = flixTests/Info.plist;
				LD_RUNPATH_SEARCH_PATHS = (
					"$(inherited)",
					"@executable_path/Frameworks",
					"@loader_path/Frameworks",
				);
				PRODUCT_BUNDLE_IDENTIFIER = com.kfullen.flixTests;
				PRODUCT_NAME = "$(TARGET_NAME)";
				TARGETED_DEVICE_FAMILY = "1,2";
				TEST_HOST = "$(BUILT_PRODUCTS_DIR)/flix.app/flix";
			};
			name = Release;
		};
		84ED7EE822C3EB54006EFABB /* Debug */ = {
			isa = XCBuildConfiguration;
			baseConfigurationReference = 35B79FFD7929DE720316B6ED /* Pods-flixUITests.debug.xcconfig */;
			buildSettings = {
				CODE_SIGN_STYLE = Automatic;
				DEVELOPMENT_TEAM = J4DN384M7G;
				INFOPLIST_FILE = flixUITests/Info.plist;
				LD_RUNPATH_SEARCH_PATHS = (
					"$(inherited)",
					"@executable_path/Frameworks",
					"@loader_path/Frameworks",
				);
				PRODUCT_BUNDLE_IDENTIFIER = com.kfullen.flixUITests;
				PRODUCT_NAME = "$(TARGET_NAME)";
				TARGETED_DEVICE_FAMILY = "1,2";
				TEST_TARGET_NAME = flix;
			};
			name = Debug;
		};
		84ED7EE922C3EB54006EFABB /* Release */ = {
			isa = XCBuildConfiguration;
			baseConfigurationReference = A2E68DBDFC1CB50AD9264CCB /* Pods-flixUITests.release.xcconfig */;
			buildSettings = {
				CODE_SIGN_STYLE = Automatic;
				DEVELOPMENT_TEAM = J4DN384M7G;
				INFOPLIST_FILE = flixUITests/Info.plist;
				LD_RUNPATH_SEARCH_PATHS = (
					"$(inherited)",
					"@executable_path/Frameworks",
					"@loader_path/Frameworks",
				);
				PRODUCT_BUNDLE_IDENTIFIER = com.kfullen.flixUITests;
				PRODUCT_NAME = "$(TARGET_NAME)";
				TARGETED_DEVICE_FAMILY = "1,2";
				TEST_TARGET_NAME = flix;
			};
			name = Release;
		};
/* End XCBuildConfiguration section */

/* Begin XCConfigurationList section */
		84ED7EB022C3EB54006EFABB /* Build configuration list for PBXProject "flix" */ = {
			isa = XCConfigurationList;
			buildConfigurations = (
				84ED7EDF22C3EB54006EFABB /* Debug */,
				84ED7EE022C3EB54006EFABB /* Release */,
			);
			defaultConfigurationIsVisible = 0;
			defaultConfigurationName = Release;
		};
		84ED7EE122C3EB54006EFABB /* Build configuration list for PBXNativeTarget "flix" */ = {
			isa = XCConfigurationList;
			buildConfigurations = (
				84ED7EE222C3EB54006EFABB /* Debug */,
				84ED7EE322C3EB54006EFABB /* Release */,
			);
			defaultConfigurationIsVisible = 0;
			defaultConfigurationName = Release;
		};
		84ED7EE422C3EB54006EFABB /* Build configuration list for PBXNativeTarget "flixTests" */ = {
			isa = XCConfigurationList;
			buildConfigurations = (
				84ED7EE522C3EB54006EFABB /* Debug */,
				84ED7EE622C3EB54006EFABB /* Release */,
			);
			defaultConfigurationIsVisible = 0;
			defaultConfigurationName = Release;
		};
		84ED7EE722C3EB54006EFABB /* Build configuration list for PBXNativeTarget "flixUITests" */ = {
			isa = XCConfigurationList;
			buildConfigurations = (
				84ED7EE822C3EB54006EFABB /* Debug */,
				84ED7EE922C3EB54006EFABB /* Release */,
			);
			defaultConfigurationIsVisible = 0;
			defaultConfigurationName = Release;
		};
/* End XCConfigurationList section */
	};
	rootObject = 84ED7EAD22C3EB54006EFABB /* Project object */;
}
